
Microsoft Visual Studio Solution File, Format Version 12.00
# Visual Studio Version 16
VisualStudioVersion = 16.0.30114.105
MinimumVisualStudioVersion = 10.0.40219.1
Project("{2150E333-8FDC-42A3-9474-1A3956D46DE8}") = "01 - Testes de Unidade", "01 - Testes de Unidade", "{BADD4835-9155-400B-BEFF-02D3FFED8C6B}"
EndProject
Project("{2150E333-8FDC-42A3-9474-1A3956D46DE8}") = "1.1 - Testes Basicos", "1.1 - Testes Basicos", "{3D0D921C-A5A3-4CD4-AFD0-D91C53B18E39}"
EndProject
Project("{9A19103F-16F7-4668-BE54-9A1E7A4F7556}") = "Demo", "01 - Testes de Unidade\Demo\Demo.csproj", "{A91B9B00-13BB-4062-9C10-8955FC05A349}"
EndProject
Project("{9A19103F-16F7-4668-BE54-9A1E7A4F7556}") = "Demo.Tests", "01 - Testes de Unidade\Demo.Tests\Demo.Tests.csproj", "{1A0A42D7-BAAC-44E6-BEF4-E11B70A96233}"
EndProject
Project("{2150E333-8FDC-42A3-9474-1A3956D46DE8}") = "2.2 - Features", "2.2 - Features", "{B46A194C-8681-40B3-AB81-3D12670A280D}"
EndProject
Project("{FAE04EC0-301F-11D3-BF4B-00C04F79EFBC}") = "Features", "01 - Testes de Unidade\Features\Features.csproj", "{2581CDC1-BEF9-49FC-9285-56E855A30DF9}"
EndProject
Project("{FAE04EC0-301F-11D3-BF4B-00C04F79EFBC}") = "Features.Tests", "01 - Testes de Unidade\Features.Tests\Features.Tests.csproj", "{703751A7-5A0A-465D-A43A-04855663C9A6}"
EndProject
Global
	GlobalSection(SolutionConfigurationPlatforms) = preSolution
		Debug|Any CPU = Debug|Any CPU
		Release|Any CPU = Release|Any CPU
	EndGlobalSection
	GlobalSection(ProjectConfigurationPlatforms) = postSolution
		{A91B9B00-13BB-4062-9C10-8955FC05A349}.Debug|Any CPU.ActiveCfg = Debug|Any CPU
		{A91B9B00-13BB-4062-9C10-8955FC05A349}.Debug|Any CPU.Build.0 = Debug|Any CPU
		{A91B9B00-13BB-4062-9C10-8955FC05A349}.Release|Any CPU.ActiveCfg = Release|Any CPU
		{A91B9B00-13BB-4062-9C10-8955FC05A349}.Release|Any CPU.Build.0 = Release|Any CPU
		{1A0A42D7-BAAC-44E6-BEF4-E11B70A96233}.Debug|Any CPU.ActiveCfg = Debug|Any CPU
		{1A0A42D7-BAAC-44E6-BEF4-E11B70A96233}.Debug|Any CPU.Build.0 = Debug|Any CPU
		{1A0A42D7-BAAC-44E6-BEF4-E11B70A96233}.Release|Any CPU.ActiveCfg = Release|Any CPU
		{1A0A42D7-BAAC-44E6-BEF4-E11B70A96233}.Release|Any CPU.Build.0 = Release|Any CPU
		{2581CDC1-BEF9-49FC-9285-56E855A30DF9}.Debug|Any CPU.ActiveCfg = Debug|Any CPU
		{2581CDC1-BEF9-49FC-9285-56E855A30DF9}.Debug|Any CPU.Build.0 = Debug|Any CPU
		{2581CDC1-BEF9-49FC-9285-56E855A30DF9}.Release|Any CPU.ActiveCfg = Release|Any CPU
		{2581CDC1-BEF9-49FC-9285-56E855A30DF9}.Release|Any CPU.Build.0 = Release|Any CPU
		{703751A7-5A0A-465D-A43A-04855663C9A6}.Debug|Any CPU.ActiveCfg = Debug|Any CPU
		{703751A7-5A0A-465D-A43A-04855663C9A6}.Debug|Any CPU.Build.0 = Debug|Any CPU
		{703751A7-5A0A-465D-A43A-04855663C9A6}.Release|Any CPU.ActiveCfg = Release|Any CPU
		{703751A7-5A0A-465D-A43A-04855663C9A6}.Release|Any CPU.Build.0 = Release|Any CPU
	EndGlobalSection
	GlobalSection(SolutionProperties) = preSolution
		HideSolutionNode = FALSE
	EndGlobalSection
	GlobalSection(NestedProjects) = preSolution
		{3D0D921C-A5A3-4CD4-AFD0-D91C53B18E39} = {BADD4835-9155-400B-BEFF-02D3FFED8C6B}
		{A91B9B00-13BB-4062-9C10-8955FC05A349} = {3D0D921C-A5A3-4CD4-AFD0-D91C53B18E39}
		{1A0A42D7-BAAC-44E6-BEF4-E11B70A96233} = {3D0D921C-A5A3-4CD4-AFD0-D91C53B18E39}
		{B46A194C-8681-40B3-AB81-3D12670A280D} = {BADD4835-9155-400B-BEFF-02D3FFED8C6B}
		{2581CDC1-BEF9-49FC-9285-56E855A30DF9} = {B46A194C-8681-40B3-AB81-3D12670A280D}
		{703751A7-5A0A-465D-A43A-04855663C9A6} = {B46A194C-8681-40B3-AB81-3D12670A280D}
	EndGlobalSection
	GlobalSection(ExtensibilityGlobals) = postSolution
		SolutionGuid = {F92B6780-339E-41E0-98F3-E4C39DBC8699}
	EndGlobalSection
EndGlobal
